
Microsoft Visual Studio Solution File, Format Version 12.00
# Visual Studio 15
VisualStudioVersion = 15.0.26124.0
MinimumVisualStudioVersion = 15.0.26124.0
Project("{2150E333-8FDC-42A3-9474-1A3956D46DE8}") = "src", "src", "{9D73DA10-5B33-49A5-8482-EF1FEF6F4FD1}"
EndProject
Project("{FAE04EC0-301F-11D3-BF4B-00C04F79EFBC}") = "SimpleAPI", "src\SimpleAPI\SimpleAPI.csproj", "{55D92F4E-46BF-4890-8A13-5123DDB914AA}"
EndProject
Project("{2150E333-8FDC-42A3-9474-1A3956D46DE8}") = "test", "test", "{66B3C109-4DFA-4F09-96FA-E276AE353EB4}"
EndProject
Project("{FAE04EC0-301F-11D3-BF4B-00C04F79EFBC}") = "SimpleAPI.Tests", "test\SimpleAPI.Tests\SimpleAPI.Tests.csproj", "{92ABE7A4-1367-498E-B45B-54467B6E8569}"
EndProject
Global
	GlobalSection(SolutionConfigurationPlatforms) = preSolution
		Debug|Any CPU = Debug|Any CPU
		Debug|x64 = Debug|x64
		Debug|x86 = Debug|x86
		Release|Any CPU = Release|Any CPU
		Release|x64 = Release|x64
		Release|x86 = Release|x86
	EndGlobalSection
	GlobalSection(SolutionProperties) = preSolution
		HideSolutionNode = FALSE
	EndGlobalSection
	GlobalSection(ProjectConfigurationPlatforms) = postSolution
		{55D92F4E-46BF-4890-8A13-5123DDB914AA}.Debug|Any CPU.ActiveCfg = Debug|Any CPU
		{55D92F4E-46BF-4890-8A13-5123DDB914AA}.Debug|Any CPU.Build.0 = Debug|Any CPU
		{55D92F4E-46BF-4890-8A13-5123DDB914AA}.Debug|x64.ActiveCfg = Debug|Any CPU
		{55D92F4E-46BF-4890-8A13-5123DDB914AA}.Debug|x64.Build.0 = Debug|Any CPU
		{55D92F4E-46BF-4890-8A13-5123DDB914AA}.Debug|x86.ActiveCfg = Debug|Any CPU
		{55D92F4E-46BF-4890-8A13-5123DDB914AA}.Debug|x86.Build.0 = Debug|Any CPU
		{55D92F4E-46BF-4890-8A13-5123DDB914AA}.Release|Any CPU.ActiveCfg = Release|Any CPU
		{55D92F4E-46BF-4890-8A13-5123DDB914AA}.Release|Any CPU.Build.0 = Release|Any CPU
		{55D92F4E-46BF-4890-8A13-5123DDB914AA}.Release|x64.ActiveCfg = Release|Any CPU
		{55D92F4E-46BF-4890-8A13-5123DDB914AA}.Release|x64.Build.0 = Release|Any CPU
		{55D92F4E-46BF-4890-8A13-5123DDB914AA}.Release|x86.ActiveCfg = Release|Any CPU
		{55D92F4E-46BF-4890-8A13-5123DDB914AA}.Release|x86.Build.0 = Release|Any CPU
		{92ABE7A4-1367-498E-B45B-54467B6E8569}.Debug|Any CPU.ActiveCfg = Debug|Any CPU
		{92ABE7A4-1367-498E-B45B-54467B6E8569}.Debug|Any CPU.Build.0 = Debug|Any CPU
		{92ABE7A4-1367-498E-B45B-54467B6E8569}.Debug|x64.ActiveCfg = Debug|Any CPU
		{92ABE7A4-1367-498E-B45B-54467B6E8569}.Debug|x64.Build.0 = Debug|Any CPU
		{92ABE7A4-1367-498E-B45B-54467B6E8569}.Debug|x86.ActiveCfg = Debug|Any CPU
		{92ABE7A4-1367-498E-B45B-54467B6E8569}.Debug|x86.Build.0 = Debug|Any CPU
		{92ABE7A4-1367-498E-B45B-54467B6E8569}.Release|Any CPU.ActiveCfg = Release|Any CPU
		{92ABE7A4-1367-498E-B45B-54467B6E8569}.Release|Any CPU.Build.0 = Release|Any CPU
		{92ABE7A4-1367-498E-B45B-54467B6E8569}.Release|x64.ActiveCfg = Release|Any CPU
		{92ABE7A4-1367-498E-B45B-54467B6E8569}.Release|x64.Build.0 = Release|Any CPU
		{92ABE7A4-1367-498E-B45B-54467B6E8569}.Release|x86.ActiveCfg = Release|Any CPU
		{92ABE7A4-1367-498E-B45B-54467B6E8569}.Release|x86.Build.0 = Release|Any CPU
	EndGlobalSection
	GlobalSection(NestedProjects) = preSolution
		{55D92F4E-46BF-4890-8A13-5123DDB914AA} = {9D73DA10-5B33-49A5-8482-EF1FEF6F4FD1}
		{92ABE7A4-1367-498E-B45B-54467B6E8569} = {66B3C109-4DFA-4F09-96FA-E276AE353EB4}
	EndGlobalSection
EndGlobal
